// !$*UTF8*$!
{
	archiveVersion = 1;
	classes = {
	};
	objectVersion = 56;
	objects = {

/* Begin PBXBuildFile section */
		DB14E47728F73F5200D6770B /* ClipBoardManagerApp.swift in Sources */ = {isa = PBXBuildFile; fileRef = DB14E47628F73F5200D6770B /* ClipBoardManagerApp.swift */; };
		DB14E47B28F73F5400D6770B /* Assets.xcassets in Resources */ = {isa = PBXBuildFile; fileRef = DB14E47A28F73F5400D6770B /* Assets.xcassets */; };
		DB14E47F28F73F5400D6770B /* Preview Assets.xcassets in Resources */ = {isa = PBXBuildFile; fileRef = DB14E47E28F73F5400D6770B /* Preview Assets.xcassets */; };
		DB14E48B28F7401300D6770B /* Settings.swift in Sources */ = {isa = PBXBuildFile; fileRef = DB14E48628F7401300D6770B /* Settings.swift */; };
		DB14E48C28F7401300D6770B /* ConfigData.swift in Sources */ = {isa = PBXBuildFile; fileRef = DB14E48728F7401300D6770B /* ConfigData.swift */; };
		DB14E48D28F7401300D6770B /* About.swift in Sources */ = {isa = PBXBuildFile; fileRef = DB14E48828F7401300D6770B /* About.swift */; };
		DB14E48E28F7401300D6770B /* ConfigHandler.swift in Sources */ = {isa = PBXBuildFile; fileRef = DB14E48928F7401300D6770B /* ConfigHandler.swift */; };
		DB14E48F28F7401300D6770B /* TabView.swift in Sources */ = {isa = PBXBuildFile; fileRef = DB14E48A28F7401300D6770B /* TabView.swift */; };
		DB14E49328F741B000D6770B /* ClipMenuItem.swift in Sources */ = {isa = PBXBuildFile; fileRef = DB14E49228F741AF00D6770B /* ClipMenuItem.swift */; };
		DB14E49828F7641E00D6770B /* Utility.swift in Sources */ = {isa = PBXBuildFile; fileRef = DB14E49728F7641E00D6770B /* Utility.swift */; };
		DB14E49B28F8526700D6770B /* CBElement.swift in Sources */ = {isa = PBXBuildFile; fileRef = DB14E49928F8526700D6770B /* CBElement.swift */; };
		DB14E49C28F8526700D6770B /* ClipBoardHandler.swift in Sources */ = {isa = PBXBuildFile; fileRef = DB14E49A28F8526700D6770B /* ClipBoardHandler.swift */; };
		DB5363BA295B48A20082006B /* Updater.swift in Sources */ = {isa = PBXBuildFile; fileRef = DB5363B9295B48A20082006B /* Updater.swift */; };
		DB5363BD295B49780082006B /* ZIPFoundation in Frameworks */ = {isa = PBXBuildFile; productRef = DB5363BC295B49780082006B /* ZIPFoundation */; };
		DB638FEF28FCA1F800E4298C /* ValidatedTextField.swift in Sources */ = {isa = PBXBuildFile; fileRef = DB638FEE28FCA1F800E4298C /* ValidatedTextField.swift */; };
		DB638FF128FCB32600E4298C /* Toolbar.swift in Sources */ = {isa = PBXBuildFile; fileRef = DB638FF028FCB32600E4298C /* Toolbar.swift */; };
		DBB05FF129017FB800162C01 /* MainMenu.swift in Sources */ = {isa = PBXBuildFile; fileRef = DBB05FF029017FB800162C01 /* MainMenu.swift */; };
/* End PBXBuildFile section */

/* Begin PBXFileReference section */
		DB14E47328F73F5200D6770B /* ClipBoardManager.app */ = {isa = PBXFileReference; explicitFileType = wrapper.application; includeInIndex = 0; path = ClipBoardManager.app; sourceTree = BUILT_PRODUCTS_DIR; };
		DB14E47628F73F5200D6770B /* ClipBoardManagerApp.swift */ = {isa = PBXFileReference; lastKnownFileType = sourcecode.swift; path = ClipBoardManagerApp.swift; sourceTree = "<group>"; };
		DB14E47A28F73F5400D6770B /* Assets.xcassets */ = {isa = PBXFileReference; lastKnownFileType = folder.assetcatalog; path = Assets.xcassets; sourceTree = "<group>"; };
		DB14E47C28F73F5400D6770B /* ClipBoardManager.entitlements */ = {isa = PBXFileReference; lastKnownFileType = text.plist.entitlements; path = ClipBoardManager.entitlements; sourceTree = "<group>"; };
		DB14E47E28F73F5400D6770B /* Preview Assets.xcassets */ = {isa = PBXFileReference; lastKnownFileType = folder.assetcatalog; path = "Preview Assets.xcassets"; sourceTree = "<group>"; };
		DB14E48628F7401300D6770B /* Settings.swift */ = {isa = PBXFileReference; fileEncoding = 4; lastKnownFileType = sourcecode.swift; path = Settings.swift; sourceTree = "<group>"; };
		DB14E48728F7401300D6770B /* ConfigData.swift */ = {isa = PBXFileReference; fileEncoding = 4; lastKnownFileType = sourcecode.swift; path = ConfigData.swift; sourceTree = "<group>"; };
		DB14E48828F7401300D6770B /* About.swift */ = {isa = PBXFileReference; fileEncoding = 4; lastKnownFileType = sourcecode.swift; path = About.swift; sourceTree = "<group>"; };
		DB14E48928F7401300D6770B /* ConfigHandler.swift */ = {isa = PBXFileReference; fileEncoding = 4; lastKnownFileType = sourcecode.swift; path = ConfigHandler.swift; sourceTree = "<group>"; };
		DB14E48A28F7401300D6770B /* TabView.swift */ = {isa = PBXFileReference; fileEncoding = 4; lastKnownFileType = sourcecode.swift; path = TabView.swift; sourceTree = "<group>"; };
		DB14E49228F741AF00D6770B /* ClipMenuItem.swift */ = {isa = PBXFileReference; lastKnownFileType = sourcecode.swift; path = ClipMenuItem.swift; sourceTree = "<group>"; };
		DB14E49728F7641E00D6770B /* Utility.swift */ = {isa = PBXFileReference; fileEncoding = 4; lastKnownFileType = sourcecode.swift; path = Utility.swift; sourceTree = "<group>"; };
		DB14E49928F8526700D6770B /* CBElement.swift */ = {isa = PBXFileReference; fileEncoding = 4; lastKnownFileType = sourcecode.swift; name = CBElement.swift; path = ClipBoardManager/ClipBoard/CBElement.swift; sourceTree = SOURCE_ROOT; };
		DB14E49A28F8526700D6770B /* ClipBoardHandler.swift */ = {isa = PBXFileReference; fileEncoding = 4; lastKnownFileType = sourcecode.swift; name = ClipBoardHandler.swift; path = ClipBoardManager/ClipBoard/ClipBoardHandler.swift; sourceTree = SOURCE_ROOT; };
		DB5363B9295B48A20082006B /* Updater.swift */ = {isa = PBXFileReference; lastKnownFileType = sourcecode.swift; path = Updater.swift; sourceTree = "<group>"; };
		DB638FEE28FCA1F800E4298C /* ValidatedTextField.swift */ = {isa = PBXFileReference; lastKnownFileType = sourcecode.swift; path = ValidatedTextField.swift; sourceTree = "<group>"; };
		DB638FF028FCB32600E4298C /* Toolbar.swift */ = {isa = PBXFileReference; lastKnownFileType = sourcecode.swift; path = Toolbar.swift; sourceTree = "<group>"; };
		DBB05FF029017FB800162C01 /* MainMenu.swift */ = {isa = PBXFileReference; lastKnownFileType = sourcecode.swift; path = MainMenu.swift; sourceTree = "<group>"; };
/* End PBXFileReference section */

/* Begin PBXFrameworksBuildPhase section */
		DB14E47028F73F5200D6770B /* Frameworks */ = {
			isa = PBXFrameworksBuildPhase;
			buildActionMask = 2147483647;
			files = (
				DB5363BD295B49780082006B /* ZIPFoundation in Frameworks */,
			);
			runOnlyForDeploymentPostprocessing = 0;
		};
/* End PBXFrameworksBuildPhase section */

/* Begin PBXGroup section */
		DB14E46A28F73F5200D6770B = {
			isa = PBXGroup;
			children = (
				DB14E47528F73F5200D6770B /* ClipBoardManager */,
				DB14E47428F73F5200D6770B /* Products */,
			);
			sourceTree = "<group>";
		};
		DB14E47428F73F5200D6770B /* Products */ = {
			isa = PBXGroup;
			children = (
				DB14E47328F73F5200D6770B /* ClipBoardManager.app */,
			);
			name = Products;
			sourceTree = "<group>";
		};
		DB14E47528F73F5200D6770B /* ClipBoardManager */ = {
			isa = PBXGroup;
			children = (
				DB14E48528F73F7200D6770B /* Settings */,
				DB14E47628F73F5200D6770B /* ClipBoardManagerApp.swift */,
				DBB05FF029017FB800162C01 /* MainMenu.swift */,
				DB5363B9295B48A20082006B /* Updater.swift */,
				DB14E49728F7641E00D6770B /* Utility.swift */,
				DB14E49D28F8527C00D6770B /* ClipBoard */,
				DB14E47A28F73F5400D6770B /* Assets.xcassets */,
				DB14E47C28F73F5400D6770B /* ClipBoardManager.entitlements */,
				DB14E47D28F73F5400D6770B /* Preview Content */,
			);
			path = ClipBoardManager;
			sourceTree = "<group>";
		};
		DB14E47D28F73F5400D6770B /* Preview Content */ = {
			isa = PBXGroup;
			children = (
				DB14E47E28F73F5400D6770B /* Preview Assets.xcassets */,
			);
			path = "Preview Content";
			sourceTree = "<group>";
		};
		DB14E48528F73F7200D6770B /* Settings */ = {
			isa = PBXGroup;
			children = (
				DB14E48828F7401300D6770B /* About.swift */,
				DB14E48728F7401300D6770B /* ConfigData.swift */,
				DB14E48928F7401300D6770B /* ConfigHandler.swift */,
				DB14E48628F7401300D6770B /* Settings.swift */,
				DB14E48A28F7401300D6770B /* TabView.swift */,
				DB638FEE28FCA1F800E4298C /* ValidatedTextField.swift */,
				DB638FF028FCB32600E4298C /* Toolbar.swift */,
			);
			path = Settings;
			sourceTree = "<group>";
		};
		DB14E49D28F8527C00D6770B /* ClipBoard */ = {
			isa = PBXGroup;
			children = (
				DB14E49228F741AF00D6770B /* ClipMenuItem.swift */,
				DB14E49A28F8526700D6770B /* ClipBoardHandler.swift */,
				DB14E49928F8526700D6770B /* CBElement.swift */,
			);
			path = ClipBoard;
			sourceTree = "<group>";
		};
/* End PBXGroup section */

/* Begin PBXNativeTarget section */
		DB14E47228F73F5200D6770B /* ClipBoardManager */ = {
			isa = PBXNativeTarget;
			buildConfigurationList = DB14E48228F73F5400D6770B /* Build configuration list for PBXNativeTarget "ClipBoardManager" */;
			buildPhases = (
				DB14E46F28F73F5200D6770B /* Sources */,
				DB14E47028F73F5200D6770B /* Frameworks */,
				DB14E47128F73F5200D6770B /* Resources */,
			);
			buildRules = (
			);
			dependencies = (
			);
			name = ClipBoardManager;
			packageProductDependencies = (
				DB5363BC295B49780082006B /* ZIPFoundation */,
			);
			productName = ClipBoardManager;
			productReference = DB14E47328F73F5200D6770B /* ClipBoardManager.app */;
			productType = "com.apple.product-type.application";
		};
/* End PBXNativeTarget section */

/* Begin PBXProject section */
		DB14E46B28F73F5200D6770B /* Project object */ = {
			isa = PBXProject;
			attributes = {
				BuildIndependentTargetsInParallel = 1;
				LastSwiftUpdateCheck = 1400;
				LastUpgradeCheck = 1400;
				TargetAttributes = {
					DB14E47228F73F5200D6770B = {
						CreatedOnToolsVersion = 14.0.1;
					};
				};
			};
			buildConfigurationList = DB14E46E28F73F5200D6770B /* Build configuration list for PBXProject "ClipBoardManager" */;
			compatibilityVersion = "Xcode 14.0";
			developmentRegion = en;
			hasScannedForEncodings = 0;
			knownRegions = (
				en,
				Base,
			);
			mainGroup = DB14E46A28F73F5200D6770B;
			packageReferences = (
				DB5363BB295B49780082006B /* XCRemoteSwiftPackageReference "ZIPFoundation" */,
			);
			productRefGroup = DB14E47428F73F5200D6770B /* Products */;
			projectDirPath = "";
			projectRoot = "";
			targets = (
				DB14E47228F73F5200D6770B /* ClipBoardManager */,
			);
		};
/* End PBXProject section */

/* Begin PBXResourcesBuildPhase section */
		DB14E47128F73F5200D6770B /* Resources */ = {
			isa = PBXResourcesBuildPhase;
			buildActionMask = 2147483647;
			files = (
				DB14E47F28F73F5400D6770B /* Preview Assets.xcassets in Resources */,
				DB14E47B28F73F5400D6770B /* Assets.xcassets in Resources */,
			);
			runOnlyForDeploymentPostprocessing = 0;
		};
/* End PBXResourcesBuildPhase section */

/* Begin PBXSourcesBuildPhase section */
		DB14E46F28F73F5200D6770B /* Sources */ = {
			isa = PBXSourcesBuildPhase;
			buildActionMask = 2147483647;
			files = (
				DBB05FF129017FB800162C01 /* MainMenu.swift in Sources */,
				DB14E48F28F7401300D6770B /* TabView.swift in Sources */,
				DB14E49C28F8526700D6770B /* ClipBoardHandler.swift in Sources */,
				DB5363BA295B48A20082006B /* Updater.swift in Sources */,
				DB14E48E28F7401300D6770B /* ConfigHandler.swift in Sources */,
				DB638FF128FCB32600E4298C /* Toolbar.swift in Sources */,
				DB14E49B28F8526700D6770B /* CBElement.swift in Sources */,
				DB14E48C28F7401300D6770B /* ConfigData.swift in Sources */,
				DB14E48D28F7401300D6770B /* About.swift in Sources */,
				DB14E49828F7641E00D6770B /* Utility.swift in Sources */,
				DB638FEF28FCA1F800E4298C /* ValidatedTextField.swift in Sources */,
				DB14E49328F741B000D6770B /* ClipMenuItem.swift in Sources */,
				DB14E48B28F7401300D6770B /* Settings.swift in Sources */,
				DB14E47728F73F5200D6770B /* ClipBoardManagerApp.swift in Sources */,
			);
			runOnlyForDeploymentPostprocessing = 0;
		};
/* End PBXSourcesBuildPhase section */

/* Begin XCBuildConfiguration section */
		DB14E48028F73F5400D6770B /* Debug */ = {
			isa = XCBuildConfiguration;
			buildSettings = {
				ALWAYS_SEARCH_USER_PATHS = NO;
				CLANG_ANALYZER_NONNULL = YES;
				CLANG_ANALYZER_NUMBER_OBJECT_CONVERSION = YES_AGGRESSIVE;
				CLANG_CXX_LANGUAGE_STANDARD = "gnu++20";
				CLANG_ENABLE_MODULES = YES;
				CLANG_ENABLE_OBJC_ARC = YES;
				CLANG_ENABLE_OBJC_WEAK = YES;
				CLANG_WARN_BLOCK_CAPTURE_AUTORELEASING = YES;
				CLANG_WARN_BOOL_CONVERSION = YES;
				CLANG_WARN_COMMA = YES;
				CLANG_WARN_CONSTANT_CONVERSION = YES;
				CLANG_WARN_DEPRECATED_OBJC_IMPLEMENTATIONS = YES;
				CLANG_WARN_DIRECT_OBJC_ISA_USAGE = YES_ERROR;
				CLANG_WARN_DOCUMENTATION_COMMENTS = YES;
				CLANG_WARN_EMPTY_BODY = YES;
				CLANG_WARN_ENUM_CONVERSION = YES;
				CLANG_WARN_INFINITE_RECURSION = YES;
				CLANG_WARN_INT_CONVERSION = YES;
				CLANG_WARN_NON_LITERAL_NULL_CONVERSION = YES;
				CLANG_WARN_OBJC_IMPLICIT_RETAIN_SELF = YES;
				CLANG_WARN_OBJC_LITERAL_CONVERSION = YES;
				CLANG_WARN_OBJC_ROOT_CLASS = YES_ERROR;
				CLANG_WARN_QUOTED_INCLUDE_IN_FRAMEWORK_HEADER = YES;
				CLANG_WARN_RANGE_LOOP_ANALYSIS = YES;
				CLANG_WARN_STRICT_PROTOTYPES = YES;
				CLANG_WARN_SUSPICIOUS_MOVE = YES;
				CLANG_WARN_UNGUARDED_AVAILABILITY = YES_AGGRESSIVE;
				CLANG_WARN_UNREACHABLE_CODE = YES;
				CLANG_WARN__DUPLICATE_METHOD_MATCH = YES;
				COPY_PHASE_STRIP = NO;
				DEBUG_INFORMATION_FORMAT = dwarf;
				ENABLE_STRICT_OBJC_MSGSEND = YES;
				ENABLE_TESTABILITY = YES;
				GCC_C_LANGUAGE_STANDARD = gnu11;
				GCC_DYNAMIC_NO_PIC = NO;
				GCC_NO_COMMON_BLOCKS = YES;
				GCC_OPTIMIZATION_LEVEL = 0;
				GCC_PREPROCESSOR_DEFINITIONS = (
					"DEBUG=1",
					"$(inherited)",
				);
				GCC_WARN_64_TO_32_BIT_CONVERSION = YES;
				GCC_WARN_ABOUT_RETURN_TYPE = YES_ERROR;
				GCC_WARN_UNDECLARED_SELECTOR = YES;
				GCC_WARN_UNINITIALIZED_AUTOS = YES_AGGRESSIVE;
				GCC_WARN_UNUSED_FUNCTION = YES;
				GCC_WARN_UNUSED_VARIABLE = YES;
				MTL_ENABLE_DEBUG_INFO = INCLUDE_SOURCE;
				MTL_FAST_MATH = YES;
				ONLY_ACTIVE_ARCH = YES;
				SWIFT_ACTIVE_COMPILATION_CONDITIONS = DEBUG;
				SWIFT_OPTIMIZATION_LEVEL = "-Onone";
			};
			name = Debug;
		};
		DB14E48128F73F5400D6770B /* Release */ = {
			isa = XCBuildConfiguration;
			buildSettings = {
				ALWAYS_SEARCH_USER_PATHS = NO;
				CLANG_ANALYZER_NONNULL = YES;
				CLANG_ANALYZER_NUMBER_OBJECT_CONVERSION = YES_AGGRESSIVE;
				CLANG_CXX_LANGUAGE_STANDARD = "gnu++20";
				CLANG_ENABLE_MODULES = YES;
				CLANG_ENABLE_OBJC_ARC = YES;
				CLANG_ENABLE_OBJC_WEAK = YES;
				CLANG_WARN_BLOCK_CAPTURE_AUTORELEASING = YES;
				CLANG_WARN_BOOL_CONVERSION = YES;
				CLANG_WARN_COMMA = YES;
				CLANG_WARN_CONSTANT_CONVERSION = YES;
				CLANG_WARN_DEPRECATED_OBJC_IMPLEMENTATIONS = YES;
				CLANG_WARN_DIRECT_OBJC_ISA_USAGE = YES_ERROR;
				CLANG_WARN_DOCUMENTATION_COMMENTS = YES;
				CLANG_WARN_EMPTY_BODY = YES;
				CLANG_WARN_ENUM_CONVERSION = YES;
				CLANG_WARN_INFINITE_RECURSION = YES;
				CLANG_WARN_INT_CONVERSION = YES;
				CLANG_WARN_NON_LITERAL_NULL_CONVERSION = YES;
				CLANG_WARN_OBJC_IMPLICIT_RETAIN_SELF = YES;
				CLANG_WARN_OBJC_LITERAL_CONVERSION = YES;
				CLANG_WARN_OBJC_ROOT_CLASS = YES_ERROR;
				CLANG_WARN_QUOTED_INCLUDE_IN_FRAMEWORK_HEADER = YES;
				CLANG_WARN_RANGE_LOOP_ANALYSIS = YES;
				CLANG_WARN_STRICT_PROTOTYPES = YES;
				CLANG_WARN_SUSPICIOUS_MOVE = YES;
				CLANG_WARN_UNGUARDED_AVAILABILITY = YES_AGGRESSIVE;
				CLANG_WARN_UNREACHABLE_CODE = YES;
				CLANG_WARN__DUPLICATE_METHOD_MATCH = YES;
				COPY_PHASE_STRIP = NO;
				DEBUG_INFORMATION_FORMAT = "dwarf-with-dsym";
				ENABLE_NS_ASSERTIONS = NO;
				ENABLE_STRICT_OBJC_MSGSEND = YES;
				GCC_C_LANGUAGE_STANDARD = gnu11;
				GCC_NO_COMMON_BLOCKS = YES;
				GCC_WARN_64_TO_32_BIT_CONVERSION = YES;
				GCC_WARN_ABOUT_RETURN_TYPE = YES_ERROR;
				GCC_WARN_UNDECLARED_SELECTOR = YES;
				GCC_WARN_UNINITIALIZED_AUTOS = YES_AGGRESSIVE;
				GCC_WARN_UNUSED_FUNCTION = YES;
				GCC_WARN_UNUSED_VARIABLE = YES;
				MTL_ENABLE_DEBUG_INFO = NO;
				MTL_FAST_MATH = YES;
				SWIFT_COMPILATION_MODE = wholemodule;
				SWIFT_OPTIMIZATION_LEVEL = "-O";
			};
			name = Release;
		};
		DB14E48328F73F5400D6770B /* Debug */ = {
			isa = XCBuildConfiguration;
			buildSettings = {
				ASSETCATALOG_COMPILER_APPICON_NAME = AppIcon;
				ASSETCATALOG_COMPILER_GLOBAL_ACCENT_COLOR_NAME = AccentColor;
				CODE_SIGN_ENTITLEMENTS = ClipBoardManager/ClipBoardManager.entitlements;
				CODE_SIGN_STYLE = Automatic;
				CURRENT_PROJECT_VERSION = 1;
				DEVELOPMENT_ASSET_PATHS = "\"ClipBoardManager/Preview Content\"";
				DEVELOPMENT_TEAM = VLCLT2XQF5;
				ENABLE_HARDENED_RUNTIME = YES;
				ENABLE_PREVIEWS = YES;
				GENERATE_INFOPLIST_FILE = YES;
				INFOPLIST_FILE = ClipBoardManager/Info.plist;
				INFOPLIST_KEY_LSUIElement = YES;
				"INFOPLIST_KEY_UIApplicationSceneManifest_Generation[sdk=iphoneos*]" = YES;
				"INFOPLIST_KEY_UIApplicationSceneManifest_Generation[sdk=iphonesimulator*]" = YES;
				"INFOPLIST_KEY_UIApplicationSupportsIndirectInputEvents[sdk=iphoneos*]" = YES;
				"INFOPLIST_KEY_UIApplicationSupportsIndirectInputEvents[sdk=iphonesimulator*]" = YES;
				"INFOPLIST_KEY_UILaunchScreen_Generation[sdk=iphoneos*]" = YES;
				"INFOPLIST_KEY_UILaunchScreen_Generation[sdk=iphonesimulator*]" = YES;
				"INFOPLIST_KEY_UIStatusBarStyle[sdk=iphoneos*]" = UIStatusBarStyleDefault;
				"INFOPLIST_KEY_UIStatusBarStyle[sdk=iphonesimulator*]" = UIStatusBarStyleDefault;
				INFOPLIST_KEY_UISupportedInterfaceOrientations_iPad = "UIInterfaceOrientationPortrait UIInterfaceOrientationPortraitUpsideDown UIInterfaceOrientationLandscapeLeft UIInterfaceOrientationLandscapeRight";
				INFOPLIST_KEY_UISupportedInterfaceOrientations_iPhone = "UIInterfaceOrientationPortrait UIInterfaceOrientationLandscapeLeft UIInterfaceOrientationLandscapeRight";
				IPHONEOS_DEPLOYMENT_TARGET = 16.0;
				LD_RUNPATH_SEARCH_PATHS = "@executable_path/Frameworks";
				"LD_RUNPATH_SEARCH_PATHS[sdk=macosx*]" = "@executable_path/../Frameworks";
				MACOSX_DEPLOYMENT_TARGET = 13.0;
				MARKETING_VERSION = 1.1.0;
				PRODUCT_BUNDLE_IDENTIFIER = com.Lennard.ClipBoardManager;
				PRODUCT_NAME = "$(TARGET_NAME)";
				SDKROOT = auto;
				SUPPORTED_PLATFORMS = macosx;
				SUPPORTS_MACCATALYST = NO;
				SUPPORTS_MAC_DESIGNED_FOR_IPHONE_IPAD = NO;
				SWIFT_EMIT_LOC_STRINGS = YES;
				SWIFT_VERSION = 5.0;
			};
			name = Debug;
		};
		DB14E48428F73F5400D6770B /* Release */ = {
			isa = XCBuildConfiguration;
			buildSettings = {
				ASSETCATALOG_COMPILER_APPICON_NAME = AppIcon;
				ASSETCATALOG_COMPILER_GLOBAL_ACCENT_COLOR_NAME = AccentColor;
				CODE_SIGN_ENTITLEMENTS = ClipBoardManager/ClipBoardManager.entitlements;
				CODE_SIGN_STYLE = Automatic;
				CURRENT_PROJECT_VERSION = 1;
				DEVELOPMENT_ASSET_PATHS = "\"ClipBoardManager/Preview Content\"";
				DEVELOPMENT_TEAM = VLCLT2XQF5;
				ENABLE_HARDENED_RUNTIME = YES;
				ENABLE_PREVIEWS = YES;
				GENERATE_INFOPLIST_FILE = YES;
				INFOPLIST_FILE = ClipBoardManager/Info.plist;
				INFOPLIST_KEY_LSUIElement = YES;
				"INFOPLIST_KEY_UIApplicationSceneManifest_Generation[sdk=iphoneos*]" = YES;
				"INFOPLIST_KEY_UIApplicationSceneManifest_Generation[sdk=iphonesimulator*]" = YES;
				"INFOPLIST_KEY_UIApplicationSupportsIndirectInputEvents[sdk=iphoneos*]" = YES;
				"INFOPLIST_KEY_UIApplicationSupportsIndirectInputEvents[sdk=iphonesimulator*]" = YES;
				"INFOPLIST_KEY_UILaunchScreen_Generation[sdk=iphoneos*]" = YES;
				"INFOPLIST_KEY_UILaunchScreen_Generation[sdk=iphonesimulator*]" = YES;
				"INFOPLIST_KEY_UIStatusBarStyle[sdk=iphoneos*]" = UIStatusBarStyleDefault;
				"INFOPLIST_KEY_UIStatusBarStyle[sdk=iphonesimulator*]" = UIStatusBarStyleDefault;
				INFOPLIST_KEY_UISupportedInterfaceOrientations_iPad = "UIInterfaceOrientationPortrait UIInterfaceOrientationPortraitUpsideDown UIInterfaceOrientationLandscapeLeft UIInterfaceOrientationLandscapeRight";
				INFOPLIST_KEY_UISupportedInterfaceOrientations_iPhone = "UIInterfaceOrientationPortrait UIInterfaceOrientationLandscapeLeft UIInterfaceOrientationLandscapeRight";
				IPHONEOS_DEPLOYMENT_TARGET = 16.0;
				LD_RUNPATH_SEARCH_PATHS = "@executable_path/Frameworks";
				"LD_RUNPATH_SEARCH_PATHS[sdk=macosx*]" = "@executable_path/../Frameworks";
				MACOSX_DEPLOYMENT_TARGET = 13.0;
				MARKETING_VERSION = 1.1.0;
				PRODUCT_BUNDLE_IDENTIFIER = com.Lennard.ClipBoardManager;
				PRODUCT_NAME = "$(TARGET_NAME)";
				SDKROOT = auto;
				SUPPORTED_PLATFORMS = macosx;
				SUPPORTS_MACCATALYST = NO;
				SUPPORTS_MAC_DESIGNED_FOR_IPHONE_IPAD = NO;
				SWIFT_EMIT_LOC_STRINGS = YES;
				SWIFT_VERSION = 5.0;
			};
			name = Release;
		};
/* End XCBuildConfiguration section */

/* Begin XCConfigurationList section */
		DB14E46E28F73F5200D6770B /* Build configuration list for PBXProject "ClipBoardManager" */ = {
			isa = XCConfigurationList;
			buildConfigurations = (
				DB14E48028F73F5400D6770B /* Debug */,
				DB14E48128F73F5400D6770B /* Release */,
			);
			defaultConfigurationIsVisible = 0;
			defaultConfigurationName = Release;
		};
		DB14E48228F73F5400D6770B /* Build configuration list for PBXNativeTarget "ClipBoardManager" */ = {
			isa = XCConfigurationList;
			buildConfigurations = (
				DB14E48328F73F5400D6770B /* Debug */,
				DB14E48428F73F5400D6770B /* Release */,
			);
			defaultConfigurationIsVisible = 0;
			defaultConfigurationName = Release;
		};
/* End XCConfigurationList section */

/* Begin XCRemoteSwiftPackageReference section */
		DB5363BB295B49780082006B /* XCRemoteSwiftPackageReference "ZIPFoundation" */ = {
			isa = XCRemoteSwiftPackageReference;
			repositoryURL = "https://github.com/weichsel/ZIPFoundation#installation";
			requirement = {
				kind = upToNextMajorVersion;
				minimumVersion = 0.9.9;
			};
		};
/* End XCRemoteSwiftPackageReference section */

/* Begin XCSwiftPackageProductDependency section */
		DB5363BC295B49780082006B /* ZIPFoundation */ = {
			isa = XCSwiftPackageProductDependency;
			package = DB5363BB295B49780082006B /* XCRemoteSwiftPackageReference "ZIPFoundation" */;
			productName = ZIPFoundation;
		};
/* End XCSwiftPackageProductDependency section */
	};
	rootObject = DB14E46B28F73F5200D6770B /* Project object */;
}
